
Microsoft Visual Studio Solution File, Format Version 12.00
# Visual Studio 15
VisualStudioVersion = 15.0.28010.2041
MinimumVisualStudioVersion = 10.0.40219.1
Project("{FAE04EC0-301F-11D3-BF4B-00C04F79EFBC}") = "tutorial3", "tutorial3\tutorial3.csproj", "{6F7C2319-1813-4954-8D3F-66112BD2D709}"
EndProject
Global
	GlobalSection(SolutionConfigurationPlatforms) = preSolution
		Debug|Any CPU = Debug|Any CPU
		Release|Any CPU = Release|Any CPU
	EndGlobalSection
	GlobalSection(ProjectConfigurationPlatforms) = postSolution
		{6F7C2319-1813-4954-8D3F-66112BD2D709}.Debug|Any CPU.ActiveCfg = Debug|Any CPU
		{6F7C2319-1813-4954-8D3F-66112BD2D709}.Debug|Any CPU.Build.0 = Debug|Any CPU
		{6F7C2319-1813-4954-8D3F-66112BD2D709}.Release|Any CPU.ActiveCfg = Release|Any CPU
		{6F7C2319-1813-4954-8D3F-66112BD2D709}.Release|Any CPU.Build.0 = Release|Any CPU
	EndGlobalSection
	GlobalSection(SolutionProperties) = preSolution
		HideSolutionNode = FALSE
	EndGlobalSection
	GlobalSection(ExtensibilityGlobals) = postSolution
		SolutionGuid = {17026B26-BE08-4D85-9B01-83AEB4378B1B}
	EndGlobalSection
EndGlobal
